
Microsoft Visual Studio Solution File, Format Version 12.00
# Visual Studio 15
VisualStudioVersion = 15.0.26730.15
MinimumVisualStudioVersion = 10.0.40219.1
Project("{FAE04EC0-301F-11D3-BF4B-00C04F79EFBC}") = "Parse", "Parse\Parse.csproj", "{495EB5C6-657C-4144-A9D8-91404C9BE514}"
EndProject
Global
	GlobalSection(SolutionConfigurationPlatforms) = preSolution
		Debug|Any CPU = Debug|Any CPU
		Release|Any CPU = Release|Any CPU
	EndGlobalSection
	GlobalSection(ProjectConfigurationPlatforms) = postSolution
		{495EB5C6-657C-4144-A9D8-91404C9BE514}.Debug|Any CPU.ActiveCfg = Debug|Any CPU
		{495EB5C6-657C-4144-A9D8-91404C9BE514}.Debug|Any CPU.Build.0 = Debug|Any CPU
		{495EB5C6-657C-4144-A9D8-91404C9BE514}.Release|Any CPU.ActiveCfg = Release|Any CPU
		{495EB5C6-657C-4144-A9D8-91404C9BE514}.Release|Any CPU.Build.0 = Release|Any CPU
	EndGlobalSection
	GlobalSection(SolutionProperties) = preSolution
		HideSolutionNode = FALSE
	EndGlobalSection
	GlobalSection(ExtensibilityGlobals) = postSolution
		SolutionGuid = {D4FABF1B-6C4A-48C6-B1EB-3C2205B9FA0E}
	EndGlobalSection
EndGlobal
